
Microsoft Visual Studio Solution File, Format Version 12.00
# Visual Studio Version 17
VisualStudioVersion = 17.9.34616.47
MinimumVisualStudioVersion = 10.0.40219.1
Project("{FAE04EC0-301F-11D3-BF4B-00C04F79EFBC}") = "WebAPI", "WebAPI\WebAPI.csproj", "{02425842-A772-48EF-BF6C-3C876ECA285B}"
EndProject
Project("{FAE04EC0-301F-11D3-BF4B-00C04F79EFBC}") = "Business", "Business\Business.csproj", "{7E81C4B8-CBA0-4D24-B2E4-10A523EE276A}"
EndProject
Project("{FAE04EC0-301F-11D3-BF4B-00C04F79EFBC}") = "DataAccess", "DataAccess\DataAccess.csproj", "{A1E9DBBA-FD60-48B8-977C-B524978C2D9E}"
EndProject
Project("{FAE04EC0-301F-11D3-BF4B-00C04F79EFBC}") = "Entities", "Entities\Entities.csproj", "{5BDBD4D0-08DE-4787-854C-655A18C9F252}"
EndProject
Project("{FAE04EC0-301F-11D3-BF4B-00C04F79EFBC}") = "Core", "Core\Core.csproj", "{53101929-C3C0-4D95-B282-D7DE16BB2697}"
EndProject
Global
	GlobalSection(SolutionConfigurationPlatforms) = preSolution
		Debug|Any CPU = Debug|Any CPU
		Release|Any CPU = Release|Any CPU
	EndGlobalSection
	GlobalSection(ProjectConfigurationPlatforms) = postSolution
		{02425842-A772-48EF-BF6C-3C876ECA285B}.Debug|Any CPU.ActiveCfg = Debug|Any CPU
		{02425842-A772-48EF-BF6C-3C876ECA285B}.Debug|Any CPU.Build.0 = Debug|Any CPU
		{02425842-A772-48EF-BF6C-3C876ECA285B}.Release|Any CPU.ActiveCfg = Release|Any CPU
		{02425842-A772-48EF-BF6C-3C876ECA285B}.Release|Any CPU.Build.0 = Release|Any CPU
		{7E81C4B8-CBA0-4D24-B2E4-10A523EE276A}.Debug|Any CPU.ActiveCfg = Debug|Any CPU
		{7E81C4B8-CBA0-4D24-B2E4-10A523EE276A}.Debug|Any CPU.Build.0 = Debug|Any CPU
		{7E81C4B8-CBA0-4D24-B2E4-10A523EE276A}.Release|Any CPU.ActiveCfg = Release|Any CPU
		{7E81C4B8-CBA0-4D24-B2E4-10A523EE276A}.Release|Any CPU.Build.0 = Release|Any CPU
		{A1E9DBBA-FD60-48B8-977C-B524978C2D9E}.Debug|Any CPU.ActiveCfg = Debug|Any CPU
		{A1E9DBBA-FD60-48B8-977C-B524978C2D9E}.Debug|Any CPU.Build.0 = Debug|Any CPU
		{A1E9DBBA-FD60-48B8-977C-B524978C2D9E}.Release|Any CPU.ActiveCfg = Release|Any CPU
		{A1E9DBBA-FD60-48B8-977C-B524978C2D9E}.Release|Any CPU.Build.0 = Release|Any CPU
		{5BDBD4D0-08DE-4787-854C-655A18C9F252}.Debug|Any CPU.ActiveCfg = Debug|Any CPU
		{5BDBD4D0-08DE-4787-854C-655A18C9F252}.Debug|Any CPU.Build.0 = Debug|Any CPU
		{5BDBD4D0-08DE-4787-854C-655A18C9F252}.Release|Any CPU.ActiveCfg = Release|Any CPU
		{5BDBD4D0-08DE-4787-854C-655A18C9F252}.Release|Any CPU.Build.0 = Release|Any CPU
		{53101929-C3C0-4D95-B282-D7DE16BB2697}.Debug|Any CPU.ActiveCfg = Debug|Any CPU
		{53101929-C3C0-4D95-B282-D7DE16BB2697}.Debug|Any CPU.Build.0 = Debug|Any CPU
		{53101929-C3C0-4D95-B282-D7DE16BB2697}.Release|Any CPU.ActiveCfg = Release|Any CPU
		{53101929-C3C0-4D95-B282-D7DE16BB2697}.Release|Any CPU.Build.0 = Release|Any CPU
	EndGlobalSection
	GlobalSection(SolutionProperties) = preSolution
		HideSolutionNode = FALSE
	EndGlobalSection
	GlobalSection(ExtensibilityGlobals) = postSolution
		SolutionGuid = {5BF2986C-242D-4A69-9D4D-A75BFC89B998}
	EndGlobalSection
EndGlobal
